
Microsoft Visual Studio Solution File, Format Version 12.00
# Visual Studio Version 16
VisualStudioVersion = 16.0.32929.386
MinimumVisualStudioVersion = 10.0.40219.1
Project("{FAE04EC0-301F-11D3-BF4B-00C04F79EFBC}") = "Bankinksystem", "Bankinksystem.csproj", "{74FDCB5E-D2E8-4808-8E88-15D55124616C}"
EndProject
Project("{FAE04EC0-301F-11D3-BF4B-00C04F79EFBC}") = "BankinkSystem.Tests", "..\BankinkSystem.Tests\BankinkSystem.Tests.csproj", "{3455B7CC-7107-436E-A1E6-157DDCCB8439}"
EndProject
Global
	GlobalSection(SolutionConfigurationPlatforms) = preSolution
		Debug|Any CPU = Debug|Any CPU
		Release|Any CPU = Release|Any CPU
	EndGlobalSection
	GlobalSection(ProjectConfigurationPlatforms) = postSolution
		{74FDCB5E-D2E8-4808-8E88-15D55124616C}.Debug|Any CPU.ActiveCfg = Debug|Any CPU
		{74FDCB5E-D2E8-4808-8E88-15D55124616C}.Debug|Any CPU.Build.0 = Debug|Any CPU
		{74FDCB5E-D2E8-4808-8E88-15D55124616C}.Release|Any CPU.ActiveCfg = Release|Any CPU
		{74FDCB5E-D2E8-4808-8E88-15D55124616C}.Release|Any CPU.Build.0 = Release|Any CPU
		{3455B7CC-7107-436E-A1E6-157DDCCB8439}.Debug|Any CPU.ActiveCfg = Debug|Any CPU
		{3455B7CC-7107-436E-A1E6-157DDCCB8439}.Debug|Any CPU.Build.0 = Debug|Any CPU
		{3455B7CC-7107-436E-A1E6-157DDCCB8439}.Release|Any CPU.ActiveCfg = Release|Any CPU
		{3455B7CC-7107-436E-A1E6-157DDCCB8439}.Release|Any CPU.Build.0 = Release|Any CPU
	EndGlobalSection
	GlobalSection(SolutionProperties) = preSolution
		HideSolutionNode = FALSE
	EndGlobalSection
	GlobalSection(ExtensibilityGlobals) = postSolution
		SolutionGuid = {D2C48B78-9013-449E-913C-3FF7EC7CBAB7}
	EndGlobalSection
EndGlobal
